
Microsoft Visual Studio Solution File, Format Version 12.00
# Visual Studio Version 17
VisualStudioVersion = 17.1.32228.430
MinimumVisualStudioVersion = 10.0.40219.1
Project("{F184B08F-C81C-45F6-A57F-5ABD9991F28F}") = "ABiVNADC", "ABiVNADC\ABiVNADC.vbproj", "{9A89C701-0EA7-49A8-93A2-C4290CC46535}"
EndProject
Project("{778DAE3C-4631-46EA-AA77-85C1314464D9}") = "SPLORR.Data", "SPLORR.Data\SPLORR.Data.vbproj", "{B03454CF-74BE-4302-A0A8-57F973A07E0E}"
EndProject
Project("{778DAE3C-4631-46EA-AA77-85C1314464D9}") = "SPLORR.Game", "SPLORR.Game\SPLORR.Game.vbproj", "{361C27AA-C9DC-47F7-9571-642FBA56E898}"
EndProject
Project("{F184B08F-C81C-45F6-A57F-5ABD9991F28F}") = "ABiVNADC.Game", "ABiVNADC.Game\ABiVNADC.Game.vbproj", "{BE230664-6E53-4BDB-8A16-F95DB7EE00CA}"
EndProject
Project("{F184B08F-C81C-45F6-A57F-5ABD9991F28F}") = "ABiVNADC.Data", "ABiVNADC.Data\ABiVNADC.Data.vbproj", "{90E88483-AE92-4653-9BE0-F6ACB27F6317}"
EndProject
Global
	GlobalSection(SolutionConfigurationPlatforms) = preSolution
		Debug|Any CPU = Debug|Any CPU
		Release|Any CPU = Release|Any CPU
	EndGlobalSection
	GlobalSection(ProjectConfigurationPlatforms) = postSolution
		{9A89C701-0EA7-49A8-93A2-C4290CC46535}.Debug|Any CPU.ActiveCfg = Debug|Any CPU
		{9A89C701-0EA7-49A8-93A2-C4290CC46535}.Debug|Any CPU.Build.0 = Debug|Any CPU
		{9A89C701-0EA7-49A8-93A2-C4290CC46535}.Release|Any CPU.ActiveCfg = Release|Any CPU
		{9A89C701-0EA7-49A8-93A2-C4290CC46535}.Release|Any CPU.Build.0 = Release|Any CPU
		{B03454CF-74BE-4302-A0A8-57F973A07E0E}.Debug|Any CPU.ActiveCfg = Debug|Any CPU
		{B03454CF-74BE-4302-A0A8-57F973A07E0E}.Debug|Any CPU.Build.0 = Debug|Any CPU
		{B03454CF-74BE-4302-A0A8-57F973A07E0E}.Release|Any CPU.ActiveCfg = Release|Any CPU
		{B03454CF-74BE-4302-A0A8-57F973A07E0E}.Release|Any CPU.Build.0 = Release|Any CPU
		{361C27AA-C9DC-47F7-9571-642FBA56E898}.Debug|Any CPU.ActiveCfg = Debug|Any CPU
		{361C27AA-C9DC-47F7-9571-642FBA56E898}.Debug|Any CPU.Build.0 = Debug|Any CPU
		{361C27AA-C9DC-47F7-9571-642FBA56E898}.Release|Any CPU.ActiveCfg = Release|Any CPU
		{361C27AA-C9DC-47F7-9571-642FBA56E898}.Release|Any CPU.Build.0 = Release|Any CPU
		{BE230664-6E53-4BDB-8A16-F95DB7EE00CA}.Debug|Any CPU.ActiveCfg = Debug|Any CPU
		{BE230664-6E53-4BDB-8A16-F95DB7EE00CA}.Debug|Any CPU.Build.0 = Debug|Any CPU
		{BE230664-6E53-4BDB-8A16-F95DB7EE00CA}.Release|Any CPU.ActiveCfg = Release|Any CPU
		{BE230664-6E53-4BDB-8A16-F95DB7EE00CA}.Release|Any CPU.Build.0 = Release|Any CPU
		{90E88483-AE92-4653-9BE0-F6ACB27F6317}.Debug|Any CPU.ActiveCfg = Debug|Any CPU
		{90E88483-AE92-4653-9BE0-F6ACB27F6317}.Debug|Any CPU.Build.0 = Debug|Any CPU
		{90E88483-AE92-4653-9BE0-F6ACB27F6317}.Release|Any CPU.ActiveCfg = Release|Any CPU
		{90E88483-AE92-4653-9BE0-F6ACB27F6317}.Release|Any CPU.Build.0 = Release|Any CPU
	EndGlobalSection
	GlobalSection(SolutionProperties) = preSolution
		HideSolutionNode = FALSE
	EndGlobalSection
	GlobalSection(ExtensibilityGlobals) = postSolution
		SolutionGuid = {FB8BD717-E075-4A20-A858-60813AB80106}
	EndGlobalSection
EndGlobal
