
Microsoft Visual Studio Solution File, Format Version 12.00
# Visual Studio Version 17
VisualStudioVersion = 17.1.32228.430
MinimumVisualStudioVersion = 10.0.40219.1
Project("{778DAE3C-4631-46EA-AA77-85C1314464D9}") = "ABiVNADC", "ABiVNADC\ABiVNADC.vbproj", "{9A89C701-0EA7-49A8-93A2-C4290CC46535}"
EndProject
Project("{778DAE3C-4631-46EA-AA77-85C1314464D9}") = "SPLORR.Data", "SPLORR.Data\SPLORR.Data.vbproj", "{B03454CF-74BE-4302-A0A8-57F973A07E0E}"
EndProject
Project("{778DAE3C-4631-46EA-AA77-85C1314464D9}") = "SPLORR.Game", "SPLORR.Game\SPLORR.Game.vbproj", "{361C27AA-C9DC-47F7-9571-642FBA56E898}"
EndProject
Project("{778DAE3C-4631-46EA-AA77-85C1314464D9}") = "ABiVNADC.Game", "ABiVNADC.Game\ABiVNADC.Game.vbproj", "{BE230664-6E53-4BDB-8A16-F95DB7EE00CA}"
EndProject
Project("{778DAE3C-4631-46EA-AA77-85C1314464D9}") = "ABiVNADC.Data", "ABiVNADC.Data\ABiVNADC.Data.vbproj", "{90E88483-AE92-4653-9BE0-F6ACB27F6317}"
EndProject
Project("{2150E333-8FDC-42A3-9474-1A3956D46DE8}") = "Stuff", "Stuff", "{1E96902F-E4F1-4FF3-97F8-8B49680138CC}"
	ProjectSection(SolutionItems) = preProject
		..\..\.gitignore = ..\..\.gitignore
		build.sh = build.sh
		..\..\butler.sh = ..\..\butler.sh
		..\..\butlinux.sh = ..\..\butlinux.sh
		Dockerfile = Dockerfile
		export.sh = export.sh
		..\..\README.md = ..\..\README.md
	EndProjectSection
EndProject
Project("{778DAE3C-4631-46EA-AA77-85C1314464D9}") = "ABiVNADC.Bot", "ABiVNADC.Bot\ABiVNADC.Bot.vbproj", "{91FA0B89-8288-4610-A72F-DB0CD363F074}"
EndProject
Project("{778DAE3C-4631-46EA-AA77-85C1314464D9}") = "ABiVNADC.Terminal", "ABiVNADC.Terminal\ABiVNADC.Terminal.vbproj", "{C153186B-69A9-4E07-93C6-DDB95B882C84}"
EndProject
Project("{2150E333-8FDC-42A3-9474-1A3956D46DE8}") = "Common", "Common", "{1F5409C0-7103-43C2-BBF0-BB4D45E20F1D}"
EndProject
Project("{2150E333-8FDC-42A3-9474-1A3956D46DE8}") = "UI", "UI", "{EB20C4A0-7626-4331-875B-36B44256E6BC}"
EndProject
Project("{2150E333-8FDC-42A3-9474-1A3956D46DE8}") = "Game", "Game", "{DAE11B3A-E74B-481C-BA47-208188DC756C}"
EndProject
Project("{778DAE3C-4631-46EA-AA77-85C1314464D9}") = "AbattoirOfSPLORR", "AbattoirOfSPLORR\AbattoirOfSPLORR.vbproj", "{0A1EC17E-885A-420A-8799-DB3F477600F8}"
EndProject
Global
	GlobalSection(SolutionConfigurationPlatforms) = preSolution
		Debug|Any CPU = Debug|Any CPU
		Release|Any CPU = Release|Any CPU
	EndGlobalSection
	GlobalSection(ProjectConfigurationPlatforms) = postSolution
		{9A89C701-0EA7-49A8-93A2-C4290CC46535}.Debug|Any CPU.ActiveCfg = Debug|Any CPU
		{9A89C701-0EA7-49A8-93A2-C4290CC46535}.Debug|Any CPU.Build.0 = Debug|Any CPU
		{9A89C701-0EA7-49A8-93A2-C4290CC46535}.Release|Any CPU.ActiveCfg = Release|Any CPU
		{9A89C701-0EA7-49A8-93A2-C4290CC46535}.Release|Any CPU.Build.0 = Release|Any CPU
		{B03454CF-74BE-4302-A0A8-57F973A07E0E}.Debug|Any CPU.ActiveCfg = Debug|Any CPU
		{B03454CF-74BE-4302-A0A8-57F973A07E0E}.Debug|Any CPU.Build.0 = Debug|Any CPU
		{B03454CF-74BE-4302-A0A8-57F973A07E0E}.Release|Any CPU.ActiveCfg = Release|Any CPU
		{B03454CF-74BE-4302-A0A8-57F973A07E0E}.Release|Any CPU.Build.0 = Release|Any CPU
		{361C27AA-C9DC-47F7-9571-642FBA56E898}.Debug|Any CPU.ActiveCfg = Debug|Any CPU
		{361C27AA-C9DC-47F7-9571-642FBA56E898}.Debug|Any CPU.Build.0 = Debug|Any CPU
		{361C27AA-C9DC-47F7-9571-642FBA56E898}.Release|Any CPU.ActiveCfg = Release|Any CPU
		{361C27AA-C9DC-47F7-9571-642FBA56E898}.Release|Any CPU.Build.0 = Release|Any CPU
		{BE230664-6E53-4BDB-8A16-F95DB7EE00CA}.Debug|Any CPU.ActiveCfg = Debug|Any CPU
		{BE230664-6E53-4BDB-8A16-F95DB7EE00CA}.Debug|Any CPU.Build.0 = Debug|Any CPU
		{BE230664-6E53-4BDB-8A16-F95DB7EE00CA}.Release|Any CPU.ActiveCfg = Release|Any CPU
		{BE230664-6E53-4BDB-8A16-F95DB7EE00CA}.Release|Any CPU.Build.0 = Release|Any CPU
		{90E88483-AE92-4653-9BE0-F6ACB27F6317}.Debug|Any CPU.ActiveCfg = Debug|Any CPU
		{90E88483-AE92-4653-9BE0-F6ACB27F6317}.Debug|Any CPU.Build.0 = Debug|Any CPU
		{90E88483-AE92-4653-9BE0-F6ACB27F6317}.Release|Any CPU.ActiveCfg = Release|Any CPU
		{90E88483-AE92-4653-9BE0-F6ACB27F6317}.Release|Any CPU.Build.0 = Release|Any CPU
		{91FA0B89-8288-4610-A72F-DB0CD363F074}.Debug|Any CPU.ActiveCfg = Debug|Any CPU
		{91FA0B89-8288-4610-A72F-DB0CD363F074}.Debug|Any CPU.Build.0 = Debug|Any CPU
		{91FA0B89-8288-4610-A72F-DB0CD363F074}.Release|Any CPU.ActiveCfg = Release|Any CPU
		{91FA0B89-8288-4610-A72F-DB0CD363F074}.Release|Any CPU.Build.0 = Release|Any CPU
		{C153186B-69A9-4E07-93C6-DDB95B882C84}.Debug|Any CPU.ActiveCfg = Debug|Any CPU
		{C153186B-69A9-4E07-93C6-DDB95B882C84}.Debug|Any CPU.Build.0 = Debug|Any CPU
		{C153186B-69A9-4E07-93C6-DDB95B882C84}.Release|Any CPU.ActiveCfg = Release|Any CPU
		{C153186B-69A9-4E07-93C6-DDB95B882C84}.Release|Any CPU.Build.0 = Release|Any CPU
		{0A1EC17E-885A-420A-8799-DB3F477600F8}.Debug|Any CPU.ActiveCfg = Debug|Any CPU
		{0A1EC17E-885A-420A-8799-DB3F477600F8}.Debug|Any CPU.Build.0 = Debug|Any CPU
		{0A1EC17E-885A-420A-8799-DB3F477600F8}.Release|Any CPU.ActiveCfg = Release|Any CPU
		{0A1EC17E-885A-420A-8799-DB3F477600F8}.Release|Any CPU.Build.0 = Release|Any CPU
	EndGlobalSection
	GlobalSection(SolutionProperties) = preSolution
		HideSolutionNode = FALSE
	EndGlobalSection
	GlobalSection(NestedProjects) = preSolution
		{9A89C701-0EA7-49A8-93A2-C4290CC46535} = {DAE11B3A-E74B-481C-BA47-208188DC756C}
		{B03454CF-74BE-4302-A0A8-57F973A07E0E} = {1F5409C0-7103-43C2-BBF0-BB4D45E20F1D}
		{361C27AA-C9DC-47F7-9571-642FBA56E898} = {1F5409C0-7103-43C2-BBF0-BB4D45E20F1D}
		{BE230664-6E53-4BDB-8A16-F95DB7EE00CA} = {DAE11B3A-E74B-481C-BA47-208188DC756C}
		{90E88483-AE92-4653-9BE0-F6ACB27F6317} = {DAE11B3A-E74B-481C-BA47-208188DC756C}
		{91FA0B89-8288-4610-A72F-DB0CD363F074} = {EB20C4A0-7626-4331-875B-36B44256E6BC}
		{C153186B-69A9-4E07-93C6-DDB95B882C84} = {EB20C4A0-7626-4331-875B-36B44256E6BC}
		{0A1EC17E-885A-420A-8799-DB3F477600F8} = {EB20C4A0-7626-4331-875B-36B44256E6BC}
	EndGlobalSection
	GlobalSection(ExtensibilityGlobals) = postSolution
		SolutionGuid = {FB8BD717-E075-4A20-A858-60813AB80106}
	EndGlobalSection
EndGlobal
